
Microsoft Visual Studio Solution File, Format Version 12.00
# Visual Studio Version 17
VisualStudioVersion = 17.8.34330.188
MinimumVisualStudioVersion = 10.0.40219.1
Project("{8BC9CEB8-8B4A-11D0-8D11-00A0C91BC942}") = "Program (Algorithm)", "Program (Algorithm).vcxproj", "{3057872C-B413-4F0E-BB74-134CBD8600C2}"
EndProject
Project("{8BC9CEB8-8B4A-11D0-8D11-00A0C91BC942}") = "Class 1th (Time Complexity & Space Complexity)", "..\Class 1th (Time Complexity & Space Complexity)\Class 1th (Time Complexity & Space Complexity).vcxproj", "{5447904F-41E8-40C1-A206-902968ED75BD}"
EndProject
Project("{8BC9CEB8-8B4A-11D0-8D11-00A0C91BC942}") = "Class 2th (Brute Force)", "..\Class 2th (Brute Force)\Class 2th (Brute Force).vcxproj", "{654BD007-782C-4149-9BA8-57489F904B1C}"
EndProject
Project("{8BC9CEB8-8B4A-11D0-8D11-00A0C91BC942}") = "Class 3th (Bubble Sort)", "..\Class 3th (Bubble Sort)\Class 3th (Bubble Sort).vcxproj", "{1F1DEF79-296B-452A-A7EA-C2F0E9307B95}"
EndProject
Project("{8BC9CEB8-8B4A-11D0-8D11-00A0C91BC942}") = "Class 4th (Select Sort)", "..\Class 4th (Select Sort)\Class 4th (Select Sort).vcxproj", "{C1ED30B7-8CFD-4FB0-BBFD-1A239864712B}"
EndProject
Project("{8BC9CEB8-8B4A-11D0-8D11-00A0C91BC942}") = "Class 5th (Insert Sort)", "..\Class 5th (Insert Sort)\Class 5th (Insert Sort).vcxproj", "{73B86461-A3D5-4CF3-B617-3E7379F7091E}"
EndProject
Project("{8BC9CEB8-8B4A-11D0-8D11-00A0C91BC942}") = "Class 6th (Euclidean)", "..\Class 6th (Euclidean)\Class 6th (Euclidean).vcxproj", "{C3FF3C62-11D6-4FF5-BA9F-C0F84E85FB56}"
EndProject
Project("{8BC9CEB8-8B4A-11D0-8D11-00A0C91BC942}") = "Class 7th (Sieve of Eratosthenes)", "..\Class 7th (Sieve of Eratosthenes)\Class 7th (Sieve of Eratosthenes).vcxproj", "{99806967-5D2E-4650-9F95-347D3E7C3A37}"
EndProject
Project("{8BC9CEB8-8B4A-11D0-8D11-00A0C91BC942}") = "Class 8th (Count Sort)", "..\Class 8th (Count Sort)\Class 8th (Count Sort).vcxproj", "{B95AEF5C-3047-4F08-B283-CFB253C3DC8B}"
EndProject
Project("{8BC9CEB8-8B4A-11D0-8D11-00A0C91BC942}") = "Class 9th (Divide and Conquer)", "..\Class 9th (Divide and Conquer)\Class 9th (Divide and Conquer).vcxproj", "{E52B3365-56FC-4E05-9766-84856F720E77}"
EndProject
Project("{8BC9CEB8-8B4A-11D0-8D11-00A0C91BC942}") = "Class 10th (Binary Search)", "..\Class 10th (Binary Search)\Class 10th (Binary Search).vcxproj", "{25027E80-33A5-4B35-BE66-0C534F86935C}"
EndProject
Project("{8BC9CEB8-8B4A-11D0-8D11-00A0C91BC942}") = "Class 11th (Quick Sort)", "..\Class 11th (Quick Sort)\Class 11th (Quick Sort).vcxproj", "{0E853A3D-D1B8-414F-938B-C7FE36761585}"
EndProject
Project("{8BC9CEB8-8B4A-11D0-8D11-00A0C91BC942}") = "Class 12th (Merge Sort)", "..\Class 12th (Merge Sort)\Class 12th (Merge Sort).vcxproj", "{51213304-B3EB-4E8E-A257-072EAE6A22E5}"
EndProject
Project("{8BC9CEB8-8B4A-11D0-8D11-00A0C91BC942}") = "Class 13th (Dynamic Programming)", "..\Class 13th (Dynamic Programming)\Class 13th (Dynamic Programming).vcxproj", "{3B3DFB18-27BE-4C92-8FDB-26D55C9FECAC}"
EndProject
Project("{8BC9CEB8-8B4A-11D0-8D11-00A0C91BC942}") = "Class 14th (Greedy)", "..\Class 14th (Greedy)\Class 14th (Greedy).vcxproj", "{EA151BCE-42AC-41EE-89E5-B6754CF8E768}"
EndProject
Project("{8BC9CEB8-8B4A-11D0-8D11-00A0C91BC942}") = "Class 15 th (Depth First Search)", "..\Class 15 th (Depth First Search)\Class 15 th (Depth First Search).vcxproj", "{BD4EA0B7-4C84-45FD-8EDD-86560271177C}"
EndProject
Project("{8BC9CEB8-8B4A-11D0-8D11-00A0C91BC942}") = "Class 16th (Breadth First Search)", "..\Class 16th (Breadth First Search)\Class 16th (Breadth First Search).vcxproj", "{58B3F914-02DD-493F-AADF-5D39AAD5DC27}"
EndProject
Global
	GlobalSection(SolutionConfigurationPlatforms) = preSolution
		Debug|x64 = Debug|x64
		Debug|x86 = Debug|x86
		Release|x64 = Release|x64
		Release|x86 = Release|x86
	EndGlobalSection
	GlobalSection(ProjectConfigurationPlatforms) = postSolution
		{3057872C-B413-4F0E-BB74-134CBD8600C2}.Debug|x64.ActiveCfg = Debug|x64
		{3057872C-B413-4F0E-BB74-134CBD8600C2}.Debug|x64.Build.0 = Debug|x64
		{3057872C-B413-4F0E-BB74-134CBD8600C2}.Debug|x86.ActiveCfg = Debug|Win32
		{3057872C-B413-4F0E-BB74-134CBD8600C2}.Debug|x86.Build.0 = Debug|Win32
		{3057872C-B413-4F0E-BB74-134CBD8600C2}.Release|x64.ActiveCfg = Release|x64
		{3057872C-B413-4F0E-BB74-134CBD8600C2}.Release|x64.Build.0 = Release|x64
		{3057872C-B413-4F0E-BB74-134CBD8600C2}.Release|x86.ActiveCfg = Release|Win32
		{3057872C-B413-4F0E-BB74-134CBD8600C2}.Release|x86.Build.0 = Release|Win32
		{5447904F-41E8-40C1-A206-902968ED75BD}.Debug|x64.ActiveCfg = Debug|x64
		{5447904F-41E8-40C1-A206-902968ED75BD}.Debug|x64.Build.0 = Debug|x64
		{5447904F-41E8-40C1-A206-902968ED75BD}.Debug|x86.ActiveCfg = Debug|Win32
		{5447904F-41E8-40C1-A206-902968ED75BD}.Debug|x86.Build.0 = Debug|Win32
		{5447904F-41E8-40C1-A206-902968ED75BD}.Release|x64.ActiveCfg = Release|x64
		{5447904F-41E8-40C1-A206-902968ED75BD}.Release|x64.Build.0 = Release|x64
		{5447904F-41E8-40C1-A206-902968ED75BD}.Release|x86.ActiveCfg = Release|Win32
		{5447904F-41E8-40C1-A206-902968ED75BD}.Release|x86.Build.0 = Release|Win32
		{654BD007-782C-4149-9BA8-57489F904B1C}.Debug|x64.ActiveCfg = Debug|x64
		{654BD007-782C-4149-9BA8-57489F904B1C}.Debug|x64.Build.0 = Debug|x64
		{654BD007-782C-4149-9BA8-57489F904B1C}.Debug|x86.ActiveCfg = Debug|Win32
		{654BD007-782C-4149-9BA8-57489F904B1C}.Debug|x86.Build.0 = Debug|Win32
		{654BD007-782C-4149-9BA8-57489F904B1C}.Release|x64.ActiveCfg = Release|x64
		{654BD007-782C-4149-9BA8-57489F904B1C}.Release|x64.Build.0 = Release|x64
		{654BD007-782C-4149-9BA8-57489F904B1C}.Release|x86.ActiveCfg = Release|Win32
		{654BD007-782C-4149-9BA8-57489F904B1C}.Release|x86.Build.0 = Release|Win32
		{1F1DEF79-296B-452A-A7EA-C2F0E9307B95}.Debug|x64.ActiveCfg = Debug|x64
		{1F1DEF79-296B-452A-A7EA-C2F0E9307B95}.Debug|x64.Build.0 = Debug|x64
		{1F1DEF79-296B-452A-A7EA-C2F0E9307B95}.Debug|x86.ActiveCfg = Debug|Win32
		{1F1DEF79-296B-452A-A7EA-C2F0E9307B95}.Debug|x86.Build.0 = Debug|Win32
		{1F1DEF79-296B-452A-A7EA-C2F0E9307B95}.Release|x64.ActiveCfg = Release|x64
		{1F1DEF79-296B-452A-A7EA-C2F0E9307B95}.Release|x64.Build.0 = Release|x64
		{1F1DEF79-296B-452A-A7EA-C2F0E9307B95}.Release|x86.ActiveCfg = Release|Win32
		{1F1DEF79-296B-452A-A7EA-C2F0E9307B95}.Release|x86.Build.0 = Release|Win32
		{C1ED30B7-8CFD-4FB0-BBFD-1A239864712B}.Debug|x64.ActiveCfg = Debug|x64
		{C1ED30B7-8CFD-4FB0-BBFD-1A239864712B}.Debug|x64.Build.0 = Debug|x64
		{C1ED30B7-8CFD-4FB0-BBFD-1A239864712B}.Debug|x86.ActiveCfg = Debug|Win32
		{C1ED30B7-8CFD-4FB0-BBFD-1A239864712B}.Debug|x86.Build.0 = Debug|Win32
		{C1ED30B7-8CFD-4FB0-BBFD-1A239864712B}.Release|x64.ActiveCfg = Release|x64
		{C1ED30B7-8CFD-4FB0-BBFD-1A239864712B}.Release|x64.Build.0 = Release|x64
		{C1ED30B7-8CFD-4FB0-BBFD-1A239864712B}.Release|x86.ActiveCfg = Release|Win32
		{C1ED30B7-8CFD-4FB0-BBFD-1A239864712B}.Release|x86.Build.0 = Release|Win32
		{73B86461-A3D5-4CF3-B617-3E7379F7091E}.Debug|x64.ActiveCfg = Debug|x64
		{73B86461-A3D5-4CF3-B617-3E7379F7091E}.Debug|x64.Build.0 = Debug|x64
		{73B86461-A3D5-4CF3-B617-3E7379F7091E}.Debug|x86.ActiveCfg = Debug|Win32
		{73B86461-A3D5-4CF3-B617-3E7379F7091E}.Debug|x86.Build.0 = Debug|Win32
		{73B86461-A3D5-4CF3-B617-3E7379F7091E}.Release|x64.ActiveCfg = Release|x64
		{73B86461-A3D5-4CF3-B617-3E7379F7091E}.Release|x64.Build.0 = Release|x64
		{73B86461-A3D5-4CF3-B617-3E7379F7091E}.Release|x86.ActiveCfg = Release|Win32
		{73B86461-A3D5-4CF3-B617-3E7379F7091E}.Release|x86.Build.0 = Release|Win32
		{C3FF3C62-11D6-4FF5-BA9F-C0F84E85FB56}.Debug|x64.ActiveCfg = Debug|x64
		{C3FF3C62-11D6-4FF5-BA9F-C0F84E85FB56}.Debug|x64.Build.0 = Debug|x64
		{C3FF3C62-11D6-4FF5-BA9F-C0F84E85FB56}.Debug|x86.ActiveCfg = Debug|Win32
		{C3FF3C62-11D6-4FF5-BA9F-C0F84E85FB56}.Debug|x86.Build.0 = Debug|Win32
		{C3FF3C62-11D6-4FF5-BA9F-C0F84E85FB56}.Release|x64.ActiveCfg = Release|x64
		{C3FF3C62-11D6-4FF5-BA9F-C0F84E85FB56}.Release|x64.Build.0 = Release|x64
		{C3FF3C62-11D6-4FF5-BA9F-C0F84E85FB56}.Release|x86.ActiveCfg = Release|Win32
		{C3FF3C62-11D6-4FF5-BA9F-C0F84E85FB56}.Release|x86.Build.0 = Release|Win32
		{99806967-5D2E-4650-9F95-347D3E7C3A37}.Debug|x64.ActiveCfg = Debug|x64
		{99806967-5D2E-4650-9F95-347D3E7C3A37}.Debug|x64.Build.0 = Debug|x64
		{99806967-5D2E-4650-9F95-347D3E7C3A37}.Debug|x86.ActiveCfg = Debug|Win32
		{99806967-5D2E-4650-9F95-347D3E7C3A37}.Debug|x86.Build.0 = Debug|Win32
		{99806967-5D2E-4650-9F95-347D3E7C3A37}.Release|x64.ActiveCfg = Release|x64
		{99806967-5D2E-4650-9F95-347D3E7C3A37}.Release|x64.Build.0 = Release|x64
		{99806967-5D2E-4650-9F95-347D3E7C3A37}.Release|x86.ActiveCfg = Release|Win32
		{99806967-5D2E-4650-9F95-347D3E7C3A37}.Release|x86.Build.0 = Release|Win32
		{B95AEF5C-3047-4F08-B283-CFB253C3DC8B}.Debug|x64.ActiveCfg = Debug|x64
		{B95AEF5C-3047-4F08-B283-CFB253C3DC8B}.Debug|x64.Build.0 = Debug|x64
		{B95AEF5C-3047-4F08-B283-CFB253C3DC8B}.Debug|x86.ActiveCfg = Debug|Win32
		{B95AEF5C-3047-4F08-B283-CFB253C3DC8B}.Debug|x86.Build.0 = Debug|Win32
		{B95AEF5C-3047-4F08-B283-CFB253C3DC8B}.Release|x64.ActiveCfg = Release|x64
		{B95AEF5C-3047-4F08-B283-CFB253C3DC8B}.Release|x64.Build.0 = Release|x64
		{B95AEF5C-3047-4F08-B283-CFB253C3DC8B}.Release|x86.ActiveCfg = Release|Win32
		{B95AEF5C-3047-4F08-B283-CFB253C3DC8B}.Release|x86.Build.0 = Release|Win32
		{E52B3365-56FC-4E05-9766-84856F720E77}.Debug|x64.ActiveCfg = Debug|x64
		{E52B3365-56FC-4E05-9766-84856F720E77}.Debug|x64.Build.0 = Debug|x64
		{E52B3365-56FC-4E05-9766-84856F720E77}.Debug|x86.ActiveCfg = Debug|Win32
		{E52B3365-56FC-4E05-9766-84856F720E77}.Debug|x86.Build.0 = Debug|Win32
		{E52B3365-56FC-4E05-9766-84856F720E77}.Release|x64.ActiveCfg = Release|x64
		{E52B3365-56FC-4E05-9766-84856F720E77}.Release|x64.Build.0 = Release|x64
		{E52B3365-56FC-4E05-9766-84856F720E77}.Release|x86.ActiveCfg = Release|Win32
		{E52B3365-56FC-4E05-9766-84856F720E77}.Release|x86.Build.0 = Release|Win32
		{25027E80-33A5-4B35-BE66-0C534F86935C}.Debug|x64.ActiveCfg = Debug|x64
		{25027E80-33A5-4B35-BE66-0C534F86935C}.Debug|x64.Build.0 = Debug|x64
		{25027E80-33A5-4B35-BE66-0C534F86935C}.Debug|x86.ActiveCfg = Debug|Win32
		{25027E80-33A5-4B35-BE66-0C534F86935C}.Debug|x86.Build.0 = Debug|Win32
		{25027E80-33A5-4B35-BE66-0C534F86935C}.Release|x64.ActiveCfg = Release|x64
		{25027E80-33A5-4B35-BE66-0C534F86935C}.Release|x64.Build.0 = Release|x64
		{25027E80-33A5-4B35-BE66-0C534F86935C}.Release|x86.ActiveCfg = Release|Win32
		{25027E80-33A5-4B35-BE66-0C534F86935C}.Release|x86.Build.0 = Release|Win32
		{0E853A3D-D1B8-414F-938B-C7FE36761585}.Debug|x64.ActiveCfg = Debug|x64
		{0E853A3D-D1B8-414F-938B-C7FE36761585}.Debug|x64.Build.0 = Debug|x64
		{0E853A3D-D1B8-414F-938B-C7FE36761585}.Debug|x86.ActiveCfg = Debug|Win32
		{0E853A3D-D1B8-414F-938B-C7FE36761585}.Debug|x86.Build.0 = Debug|Win32
		{0E853A3D-D1B8-414F-938B-C7FE36761585}.Release|x64.ActiveCfg = Release|x64
		{0E853A3D-D1B8-414F-938B-C7FE36761585}.Release|x64.Build.0 = Release|x64
		{0E853A3D-D1B8-414F-938B-C7FE36761585}.Release|x86.ActiveCfg = Release|Win32
		{0E853A3D-D1B8-414F-938B-C7FE36761585}.Release|x86.Build.0 = Release|Win32
		{51213304-B3EB-4E8E-A257-072EAE6A22E5}.Debug|x64.ActiveCfg = Debug|x64
		{51213304-B3EB-4E8E-A257-072EAE6A22E5}.Debug|x64.Build.0 = Debug|x64
		{51213304-B3EB-4E8E-A257-072EAE6A22E5}.Debug|x86.ActiveCfg = Debug|Win32
		{51213304-B3EB-4E8E-A257-072EAE6A22E5}.Debug|x86.Build.0 = Debug|Win32
		{51213304-B3EB-4E8E-A257-072EAE6A22E5}.Release|x64.ActiveCfg = Release|x64
		{51213304-B3EB-4E8E-A257-072EAE6A22E5}.Release|x64.Build.0 = Release|x64
		{51213304-B3EB-4E8E-A257-072EAE6A22E5}.Release|x86.ActiveCfg = Release|Win32
		{51213304-B3EB-4E8E-A257-072EAE6A22E5}.Release|x86.Build.0 = Release|Win32
		{3B3DFB18-27BE-4C92-8FDB-26D55C9FECAC}.Debug|x64.ActiveCfg = Debug|x64
		{3B3DFB18-27BE-4C92-8FDB-26D55C9FECAC}.Debug|x64.Build.0 = Debug|x64
		{3B3DFB18-27BE-4C92-8FDB-26D55C9FECAC}.Debug|x86.ActiveCfg = Debug|Win32
		{3B3DFB18-27BE-4C92-8FDB-26D55C9FECAC}.Debug|x86.Build.0 = Debug|Win32
		{3B3DFB18-27BE-4C92-8FDB-26D55C9FECAC}.Release|x64.ActiveCfg = Release|x64
		{3B3DFB18-27BE-4C92-8FDB-26D55C9FECAC}.Release|x64.Build.0 = Release|x64
		{3B3DFB18-27BE-4C92-8FDB-26D55C9FECAC}.Release|x86.ActiveCfg = Release|Win32
		{3B3DFB18-27BE-4C92-8FDB-26D55C9FECAC}.Release|x86.Build.0 = Release|Win32
		{EA151BCE-42AC-41EE-89E5-B6754CF8E768}.Debug|x64.ActiveCfg = Debug|x64
		{EA151BCE-42AC-41EE-89E5-B6754CF8E768}.Debug|x64.Build.0 = Debug|x64
		{EA151BCE-42AC-41EE-89E5-B6754CF8E768}.Debug|x86.ActiveCfg = Debug|Win32
		{EA151BCE-42AC-41EE-89E5-B6754CF8E768}.Debug|x86.Build.0 = Debug|Win32
		{EA151BCE-42AC-41EE-89E5-B6754CF8E768}.Release|x64.ActiveCfg = Release|x64
		{EA151BCE-42AC-41EE-89E5-B6754CF8E768}.Release|x64.Build.0 = Release|x64
		{EA151BCE-42AC-41EE-89E5-B6754CF8E768}.Release|x86.ActiveCfg = Release|Win32
		{EA151BCE-42AC-41EE-89E5-B6754CF8E768}.Release|x86.Build.0 = Release|Win32
		{BD4EA0B7-4C84-45FD-8EDD-86560271177C}.Debug|x64.ActiveCfg = Debug|x64
		{BD4EA0B7-4C84-45FD-8EDD-86560271177C}.Debug|x64.Build.0 = Debug|x64
		{BD4EA0B7-4C84-45FD-8EDD-86560271177C}.Debug|x86.ActiveCfg = Debug|Win32
		{BD4EA0B7-4C84-45FD-8EDD-86560271177C}.Debug|x86.Build.0 = Debug|Win32
		{BD4EA0B7-4C84-45FD-8EDD-86560271177C}.Release|x64.ActiveCfg = Release|x64
		{BD4EA0B7-4C84-45FD-8EDD-86560271177C}.Release|x64.Build.0 = Release|x64
		{BD4EA0B7-4C84-45FD-8EDD-86560271177C}.Release|x86.ActiveCfg = Release|Win32
		{BD4EA0B7-4C84-45FD-8EDD-86560271177C}.Release|x86.Build.0 = Release|Win32
		{58B3F914-02DD-493F-AADF-5D39AAD5DC27}.Debug|x64.ActiveCfg = Debug|x64
		{58B3F914-02DD-493F-AADF-5D39AAD5DC27}.Debug|x64.Build.0 = Debug|x64
		{58B3F914-02DD-493F-AADF-5D39AAD5DC27}.Debug|x86.ActiveCfg = Debug|Win32
		{58B3F914-02DD-493F-AADF-5D39AAD5DC27}.Debug|x86.Build.0 = Debug|Win32
		{58B3F914-02DD-493F-AADF-5D39AAD5DC27}.Release|x64.ActiveCfg = Release|x64
		{58B3F914-02DD-493F-AADF-5D39AAD5DC27}.Release|x64.Build.0 = Release|x64
		{58B3F914-02DD-493F-AADF-5D39AAD5DC27}.Release|x86.ActiveCfg = Release|Win32
		{58B3F914-02DD-493F-AADF-5D39AAD5DC27}.Release|x86.Build.0 = Release|Win32
	EndGlobalSection
	GlobalSection(SolutionProperties) = preSolution
		HideSolutionNode = FALSE
	EndGlobalSection
	GlobalSection(ExtensibilityGlobals) = postSolution
		SolutionGuid = {5BEC0CFA-3E60-4A63-B49B-8BE949A40530}
	EndGlobalSection
EndGlobal
